
Microsoft Visual Studio Solution File, Format Version 12.00
# Visual Studio Version 17
VisualStudioVersion = 17.5.33414.496
MinimumVisualStudioVersion = 10.0.40219.1
Project("{FAE04EC0-301F-11D3-BF4B-00C04F79EFBC}") = "Proj2Aula1", "Proj2Aula1\Proj2Aula1.csproj", "{3E771DB8-25CA-4967-BE2B-193CD44F7F01}"
EndProject
Project("{FAE04EC0-301F-11D3-BF4B-00C04F79EFBC}") = "Ex23", "Ex23\Ex23.csproj", "{13F124DC-A70A-4861-B827-CE12FB6D8BCF}"
EndProject
Project("{FAE04EC0-301F-11D3-BF4B-00C04F79EFBC}") = "Ex4", "Ex4\Ex4.csproj", "{5A3998CD-EECB-450A-887C-FE1C6E465A88}"
EndProject
Global
	GlobalSection(SolutionConfigurationPlatforms) = preSolution
		Debug|Any CPU = Debug|Any CPU
		Release|Any CPU = Release|Any CPU
	EndGlobalSection
	GlobalSection(ProjectConfigurationPlatforms) = postSolution
		{3E771DB8-25CA-4967-BE2B-193CD44F7F01}.Debug|Any CPU.ActiveCfg = Debug|Any CPU
		{3E771DB8-25CA-4967-BE2B-193CD44F7F01}.Debug|Any CPU.Build.0 = Debug|Any CPU
		{3E771DB8-25CA-4967-BE2B-193CD44F7F01}.Release|Any CPU.ActiveCfg = Release|Any CPU
		{3E771DB8-25CA-4967-BE2B-193CD44F7F01}.Release|Any CPU.Build.0 = Release|Any CPU
		{13F124DC-A70A-4861-B827-CE12FB6D8BCF}.Debug|Any CPU.ActiveCfg = Debug|Any CPU
		{13F124DC-A70A-4861-B827-CE12FB6D8BCF}.Debug|Any CPU.Build.0 = Debug|Any CPU
		{13F124DC-A70A-4861-B827-CE12FB6D8BCF}.Release|Any CPU.ActiveCfg = Release|Any CPU
		{13F124DC-A70A-4861-B827-CE12FB6D8BCF}.Release|Any CPU.Build.0 = Release|Any CPU
		{5A3998CD-EECB-450A-887C-FE1C6E465A88}.Debug|Any CPU.ActiveCfg = Debug|Any CPU
		{5A3998CD-EECB-450A-887C-FE1C6E465A88}.Debug|Any CPU.Build.0 = Debug|Any CPU
		{5A3998CD-EECB-450A-887C-FE1C6E465A88}.Release|Any CPU.ActiveCfg = Release|Any CPU
		{5A3998CD-EECB-450A-887C-FE1C6E465A88}.Release|Any CPU.Build.0 = Release|Any CPU
	EndGlobalSection
	GlobalSection(SolutionProperties) = preSolution
		HideSolutionNode = FALSE
	EndGlobalSection
	GlobalSection(ExtensibilityGlobals) = postSolution
		SolutionGuid = {C3A3D651-A2F4-4370-97B3-BDD30F6C8EEB}
	EndGlobalSection
EndGlobal
